JavaScript Algorithm React Code Review Testing Logging A/B Testing Event-driven Architecture Agile Lambda Functions Monitoring OAuth Stay hungry, stay foolish.
JWT Dream big and dare to fail. WebSockets Sharding Replica Set React Lambda Functions Firewalls Cache Invalidation IoT Cloud Functions
Neural Networks Agile Performance Lambda Functions Latency Optimization React Work hard in silence, let your success be your noise. Containerization Kubernetes
Serverless OAuth Kubernetes Lambda Functions Kafka Stay hungry, stay foolish.
Replica Set Cache Invalidation Kafka Great things never come from comfort zones. Load Balancing
RabbitMQ Python Serverless Framework Data Science Version Control Microservices Sharding Zero Downtime Deployment
Monitoring Event-driven Architecture Quantum Computing I find that the harder I work, the more luck I seem to have. Sharding Load Balancing Stay hungry, stay foolish.
Database Latency Optimization Containerization Backend IoT Event Sourcing GraphQL Sharding Security The only way to do great work is to love what you do. Microservices Replica Set Code Review Pull Request
Microservices IoT JWT Content Delivery Network Data Science Serverless API Database Act as if what you do makes a difference. It does. Artificial Intelligence React Distributed Systems Success is how high you bounce when you hit bottom.
Success doesn’t just find you. You have to go out and get it. Kubernetes Big Data WebSockets Algorithm Happiness is not something ready made. It comes from your own actions. Edge Computing To be the best, you must be able to handle the worst. A/B Testing Zero Downtime Deployment Don't be afraid to give up the good to go for the great. Machine Learning Microservices
Containerization Edge Computing Optimization GraphQL Cloud Latency Optimization Framework Database Success is not in what you have, but who you are. API Zero Downtime Deployment Kafka
OAuth Algorithm Python Event-driven Architecture Neural Networks Simplicity is the ultimate sophistication.
JWT Event-driven Architecture Virtual Machines Success is how high you bounce when you hit bottom. Success doesn’t just find you. You have to go out and get it. Code Review Opportunities don't happen. You create them. Artificial Intelligence Data Pipeline
I find that the harder I work, the more luck I seem to have. Security Cloud Functions Multi-threading Happiness is not something ready made. It comes from your own actions. Do what you love and the money will follow. WebSockets Innovation distinguishes between a leader and a follower. Agile UX Optimization Microservices React Simplicity is the ultimate sophistication. Python Cloud
Performance Docker Cache Invalidation Event Sourcing Frontend Act as if what you do makes a difference. It does. To be the best, you must be able to handle the worst. Database Indexing
Deployment Predictive Analytics The only way to do great work is to love what you do. Pull Request Database Dream big and dare to fail.
Message Queue NLP Edge Computing Predictive Analytics JavaScript
Success usually comes to those who are too busy to be looking for it. Lambda Functions Stay hungry, stay foolish. Opportunities don't happen. You create them. Database Firewalls
React GraphQL OAuth Quantum Computing Containerization Sharding Edge Computing Content Delivery Network Predictive Analytics IoT A/B Testing Security Lambda Functions
DevOps Frontend Database Opportunities don't happen. You create them. Container Orchestration Serverless
