JavaScript Algorithm React Code Review Testing Logging A/B Testing Event-driven Architecture Agile Lambda Functions Monitoring OAuth Stay hungry, stay foolish.
JWT Dream big and dare to fail. WebSockets Sharding Replica Set React Lambda Functions Firewalls Cache Invalidation IoT Cloud Functions
Neural Networks Agile Performance Lambda Functions Latency Optimization React Work hard in silence, let your success be your noise. Containerization Kubernetes
Serverless OAuth Kubernetes Lambda Functions Kafka Stay hungry, stay foolish.
Replica Set Cache Invalidation Kafka Great things never come from comfort zones. Load Balancing
RabbitMQ Python Serverless Framework Data Science Version Control Microservices Sharding Zero Downtime Deployment
