JavaScript Algorithm React Code Review Testing Logging A/B Testing Event-driven Architecture Agile Lambda Functions Monitoring OAuth Stay hungry, stay foolish.
JWT Dream big and dare to fail. WebSockets Sharding Replica Set React Lambda Functions Firewalls Cache Invalidation IoT Cloud Functions
Neural Networks Agile Performance Lambda Functions Latency Optimization React Work hard in silence, let your success be your noise. Containerization Kubernetes
